
Microsoft Visual Studio Solution File, Format Version 12.00
# Visual Studio 15
VisualStudioVersion = 15.0.28010.2041
MinimumVisualStudioVersion = 10.0.40219.1
Project("{FAE04EC0-301F-11D3-BF4B-00C04F79EFBC}") = "MvcAspCore", "MvcAspCore\MvcAspCore.csproj", "{C7CDD73E-FB41-45A3-825B-D26C0F3CB792}"
EndProject
Global
	GlobalSection(SolutionConfigurationPlatforms) = preSolution
		Debug|Any CPU = Debug|Any CPU
		Release|Any CPU = Release|Any CPU
	EndGlobalSection
	GlobalSection(ProjectConfigurationPlatforms) = postSolution
		{C7CDD73E-FB41-45A3-825B-D26C0F3CB792}.Debug|Any CPU.ActiveCfg = Debug|Any CPU
		{C7CDD73E-FB41-45A3-825B-D26C0F3CB792}.Debug|Any CPU.Build.0 = Debug|Any CPU
		{C7CDD73E-FB41-45A3-825B-D26C0F3CB792}.Release|Any CPU.ActiveCfg = Release|Any CPU
		{C7CDD73E-FB41-45A3-825B-D26C0F3CB792}.Release|Any CPU.Build.0 = Release|Any CPU
	EndGlobalSection
	GlobalSection(SolutionProperties) = preSolution
		HideSolutionNode = FALSE
	EndGlobalSection
	GlobalSection(ExtensibilityGlobals) = postSolution
		SolutionGuid = {6D9E2EF9-5A89-4D7C-ADAE-809E6CE5ABF6}
	EndGlobalSection
EndGlobal
